{
  "lockfile_version": "1",
  "packages": {
    "actionlint@latest": {
      "last_modified": "2024-01-27T14:55:31Z",
      "resolved": "github:NixOS/nixpkgs/160b762eda6d139ac10ae081f8f78d640dd523eb#actionlint",
      "source": "devbox-search",
      "version": "1.6.26",
      "systems": {
        "aarch64-darwin": {
          "store_path": "/nix/store/v5pbjl060m2bclr7nk88vvfi6nk96p70-actionlint-1.6.26"
        },
        "aarch64-linux": {
          "store_path": "/nix/store/k7b945nar8dfdqlwnkq8wb3ygmgifyfj-actionlint-1.6.26"
        },
        "x86_64-darwin": {
          "store_path": "/nix/store/xj1j8pbc9ba2kc5ygbj1jgzik91khlc1-actionlint-1.6.26"
        },
        "x86_64-linux": {
          "store_path": "/nix/store/snwsvryx3bl3kzfwp801axbixg5bng9g-actionlint-1.6.26"
        }
      }
    },
    "bash@latest": {
      "last_modified": "2024-02-03T02:01:25Z",
      "resolved": "github:NixOS/nixpkgs/79a13f1437e149dc7be2d1290c74d378dad60814#bash",
      "source": "devbox-search",
      "version": "5.2-p21",
      "systems": {
        "aarch64-darwin": {
          "store_path": "/nix/store/0wzb184kckhmggq1nlvy5xk6rykp0jl1-bash-5.2-p21"
        },
        "aarch64-linux": {
          "store_path": "/nix/store/gzgl75pycp1yn0h1201v6bxw80xz0wn0-bash-5.2-p21"
        },
        "x86_64-darwin": {
          "store_path": "/nix/store/00khls1wnjwsx0z82f2rq5zr20rky3lg-bash-5.2-p21"
        },
        "x86_64-linux": {
          "store_path": "/nix/store/cjbyb45nxiqidj95c4k1mh65azn1x896-bash-5.2-p21"
        }
      }
    },
    "chart-testing@latest": {
      "last_modified": "2024-02-05T02:15:44Z",
      "resolved": "github:NixOS/nixpkgs/0a254180b4cad6be45aa46dce896bdb8db5d2930#chart-testing",
      "source": "devbox-search",
      "version": "3.10.1",
      "systems": {
        "aarch64-darwin": {
          "store_path": "/nix/store/gp0rs816kihbginy04sg1j95gwry3i7d-chart-testing-3.10.1"
        },
        "aarch64-linux": {
          "store_path": "/nix/store/i76hvhpax0lf6jp55dzmw5crh466gfrf-chart-testing-3.10.1"
        },
        "x86_64-darwin": {
          "store_path": "/nix/store/80smx8p06iqylqm15q85by4imc5pqsg7-chart-testing-3.10.1"
        },
        "x86_64-linux": {
          "store_path": "/nix/store/yv14jrzgrk4z9k4l314cv0d67hzz044q-chart-testing-3.10.1"
        }
      }
    },
    "clusterctl@latest": {
      "last_modified": "2024-01-27T14:55:31Z",
      "resolved": "github:NixOS/nixpkgs/160b762eda6d139ac10ae081f8f78d640dd523eb#clusterctl",
      "source": "devbox-search",
      "version": "1.6.1",
      "systems": {
        "aarch64-darwin": {
          "store_path": "/nix/store/y8i6akbyv9v48sb3dqavz88x8yrabd67-clusterctl-1.6.1"
        },
        "aarch64-linux": {
          "store_path": "/nix/store/md8ghpk6q53hyfx1y9g9lpk3rj4rhcyi-clusterctl-1.6.1"
        },
        "x86_64-darwin": {
          "store_path": "/nix/store/j3lrdlcjyys46xlk10lh4h90xwxay7f0-clusterctl-1.6.1"
        },
        "x86_64-linux": {
          "store_path": "/nix/store/i8lvp09870phndxi3kli659hqpqfnfhz-clusterctl-1.6.1"
        }
      }
    },
    "coreutils@latest": {
      "last_modified": "2024-01-27T14:55:31Z",
      "resolved": "github:NixOS/nixpkgs/160b762eda6d139ac10ae081f8f78d640dd523eb#coreutils",
      "source": "devbox-search",
      "version": "9.4",
      "systems": {
        "aarch64-darwin": {
          "store_path": "/nix/store/05f94jq5l6kfs9s3gyzj28y1v4xf6hfm-coreutils-9.4"
        },
        "aarch64-linux": {
          "store_path": "/nix/store/p6cw7zp8h6s9rkbj4lf9dzb3bzpq5qpy-coreutils-9.4"
        },
        "x86_64-darwin": {
          "store_path": "/nix/store/gf7r37m8v29i6r996y4brxh50fm85vjd-coreutils-9.4"
        },
        "x86_64-linux": {
          "store_path": "/nix/store/5idwbbv23b6vnqdicx97s3hsgrwwnj7j-coreutils-9.4"
        }
      }
    },
    "crane@latest": {
      "last_modified": "2024-01-31T06:48:05Z",
      "resolved": "github:NixOS/nixpkgs/5ad9903c16126a7d949101687af0aa589b1d7d3d#crane",
      "source": "devbox-search",
      "version": "0.19.0",
      "systems": {
        "aarch64-darwin": {
          "store_path": "/nix/store/435985j8kb546avmvafylq9d01bkh48i-go-containerregistry-0.19.0-crane"
        },
        "aarch64-linux": {
          "store_path": "/nix/store/yrbsmhill1hmgymw6yg182gj5if1vyi8-go-containerregistry-0.19.0-crane"
        },
        "x86_64-darwin": {
          "store_path": "/nix/store/6av0bpnjciwjq7267aiqcydn2xrm1id9-go-containerregistry-0.19.0-crane"
        },
        "x86_64-linux": {
          "store_path": "/nix/store/bg1xarwyrj69l6xfjdf5i0nkqv3wi3xv-go-containerregistry-0.19.0-crane"
        }
      }
    },
    "findutils@latest": {
      "last_modified": "2024-02-05T02:15:44Z",
      "resolved": "github:NixOS/nixpkgs/0a254180b4cad6be45aa46dce896bdb8db5d2930#findutils",
      "source": "devbox-search",
      "version": "4.9.0",
      "systems": {
        "aarch64-darwin": {
          "store_path": "/nix/store/c0k7n8dbl8afgjsa4ibr3x4fhhp0rvfs-findutils-4.9.0"
        },
        "aarch64-linux": {
          "store_path": "/nix/store/ngcvhc28fzn5m9ywf92zz9zvs1ds9a1l-findutils-4.9.0"
        },
        "x86_64-darwin": {
          "store_path": "/nix/store/n5brpqbxdfvdn33s3xnl0mxrvdab9hpl-findutils-4.9.0"
        },
        "x86_64-linux": {
          "store_path": "/nix/store/4ajik70nplhkb8ndn3gqh7v0b09hmvg9-findutils-4.9.0"
        }
      }
    },
    "ginkgo@latest": {
      "last_modified": "2024-01-27T14:55:31Z",
      "resolved": "github:NixOS/nixpkgs/160b762eda6d139ac10ae081f8f78d640dd523eb#ginkgo",
      "source": "devbox-search",
      "version": "2.15.0",
      "systems": {
        "aarch64-darwin": {
          "store_path": "/nix/store/9r7yfsr3qjfb8n0j6flwpkm8hcgj0s32-ginkgo-2.15.0"
        },
        "aarch64-linux": {
          "store_path": "/nix/store/xl1x5phw1wi8hwx2v46g78s1njkhfd1k-ginkgo-2.15.0"
        },
        "x86_64-darwin": {
          "store_path": "/nix/store/a37p0h1mvcsy6wbvxxy3xm55z6ybqpnx-ginkgo-2.15.0"
        },
        "x86_64-linux": {
          "store_path": "/nix/store/by987kxzdcgr15wzndw2s6biwg30lqlg-ginkgo-2.15.0"
        }
      }
    },
    "gnused@latest": {
      "last_modified": "2024-01-27T14:55:31Z",
      "resolved": "github:NixOS/nixpkgs/160b762eda6d139ac10ae081f8f78d640dd523eb#gnused",
      "source": "devbox-search",
      "version": "4.9",
      "systems": {
        "aarch64-darwin": {
          "store_path": "/nix/store/v5mi2yzla9d240q8jfmrav754lqr3qha-gnused-4.9"
        },
        "aarch64-linux": {
          "store_path": "/nix/store/padfr2k4a9jn3wfraa31c0y6pdcpqf7q-gnused-4.9"
        },
        "x86_64-darwin": {
          "store_path": "/nix/store/456iirldpvv5mhxx9zxrbpgmwg997b6i-gnused-4.9"
        },
        "x86_64-linux": {
          "store_path": "/nix/store/9zial3lqry9f7rsw31r7vs5p1mnb7lan-gnused-4.9"
        }
      }
    },
    "go@latest": {
      "last_modified": "2024-02-08T11:55:47Z",
      "resolved": "github:NixOS/nixpkgs/c0b7a892fb042ede583bdaecbbdc804acb85eabe#go_1_22",
      "source": "devbox-search",
      "version": "1.22.0",
      "systems": {
        "aarch64-darwin": {
          "store_path": "/nix/store/2022s0jnrn2iyxjaikfy51w5fvifp38b-go-1.22.0"
        },
        "aarch64-linux": {
          "store_path": "/nix/store/7wxzkvjv8qc2awhagpz0r8q9ay38q3wj-go-1.22.0"
        },
        "x86_64-darwin": {
          "store_path": "/nix/store/fgkl3qk8p5hnd07b0dhzfky3ys5gxjmq-go-1.22.0"
        },
        "x86_64-linux": {
          "store_path": "/nix/store/88y9r33p3j8f7bc8sqiy9jdlk7yqfrlg-go-1.22.0"
        }
      }
    },
    "gojq@latest": {
      "last_modified": "2024-01-27T14:55:31Z",
      "resolved": "github:NixOS/nixpkgs/160b762eda6d139ac10ae081f8f78d640dd523eb#gojq",
      "source": "devbox-search",
      "version": "0.12.14",
      "systems": {
        "aarch64-darwin": {
          "store_path": "/nix/store/r1rs9iawlngbsk3xkhc98iy0wli9ah7z-gojq-0.12.14"
        },
        "aarch64-linux": {
          "store_path": "/nix/store/jvg88ly2lypdn5jg9556grbfizdisrd4-gojq-0.12.14"
        },
        "x86_64-darwin": {
          "store_path": "/nix/store/hljg65f22yjwgylzgx2hmys4shdfx6p1-gojq-0.12.14"
        },
        "x86_64-linux": {
          "store_path": "/nix/store/3mllrsj7a340gpb9p9vbyx044bdkps6i-gojq-0.12.14"
        }
      }
    },
    "golines@latest": {
      "last_modified": "2024-01-28T16:40:23Z",
      "resolved": "github:NixOS/nixpkgs/902d74314fae5eb824bc7b597bd4d39640345557#golines",
      "source": "devbox-search",
      "version": "0.12.2",
      "systems": {
        "aarch64-darwin": {
          "store_path": "/nix/store/29v1zg99bykicvii8k6x460vniwbyhds-golines-0.12.2"
        },
        "aarch64-linux": {
          "store_path": "/nix/store/x5hf86jv3dmx0g41v0cskybcv5wpjp4y-golines-0.12.2"
        },
        "x86_64-darwin": {
          "store_path": "/nix/store/ffmcdgh0mlbh0z6iygjxgplrp8z4qf9d-golines-0.12.2"
        },
        "x86_64-linux": {
          "store_path": "/nix/store/qrxxlmxldvxspj4sryydxkl6x06s64y5-golines-0.12.2"
        }
      }
    },
    "google-cloud-sdk@latest": {
      "last_modified": "2024-01-27T14:55:31Z",
      "resolved": "github:NixOS/nixpkgs/160b762eda6d139ac10ae081f8f78d640dd523eb#google-cloud-sdk",
      "source": "devbox-search",
      "version": "452.0.1",
      "systems": {
        "aarch64-darwin": {
          "store_path": "/nix/store/wjqdip2hnmg964ragz7q01kb46ay8i89-google-cloud-sdk-452.0.1"
        },
        "aarch64-linux": {
          "store_path": "/nix/store/cq5v6as5a7mww6v70s1ahf3q0lh7dyqn-google-cloud-sdk-452.0.1"
        },
        "x86_64-darwin": {
          "store_path": "/nix/store/szmp4vp4a98hp550644br4hf1pbiwdz3-google-cloud-sdk-452.0.1"
        },
        "x86_64-linux": {
          "store_path": "/nix/store/l06k8fr3gcjx6y0sm8fbi5wx8a18fcyq-google-cloud-sdk-452.0.1"
        }
      }
    },
    "goreleaser@latest": {
      "last_modified": "2024-02-07T01:22:34Z",
      "resolved": "github:NixOS/nixpkgs/f8e2ebd66d097614d51a56a755450d4ae1632df1#goreleaser",
      "source": "devbox-search",
      "version": "1.24.0",
      "systems": {
        "aarch64-darwin": {
          "store_path": "/nix/store/iiw00h0wdd46hcnr2b90b6nj2a730fwz-goreleaser-1.24.0"
        },
        "aarch64-linux": {
          "store_path": "/nix/store/sy65pqihca3ybrr4bylhvandd01cjjd1-goreleaser-1.24.0"
        },
        "x86_64-darwin": {
          "store_path": "/nix/store/blyg0qmg0fnm2bcnnnlxy1gi69ja5r5m-goreleaser-1.24.0"
        },
        "x86_64-linux": {
          "store_path": "/nix/store/m3jc0h1gdk2psjdbm9a415lldw41bmcv-goreleaser-1.24.0"
        }
      }
    },
    "gotestsum@latest": {
      "last_modified": "2024-01-27T14:55:31Z",
      "resolved": "github:NixOS/nixpkgs/160b762eda6d139ac10ae081f8f78d640dd523eb#gotestsum",
      "source": "devbox-search",
      "version": "1.10.1",
      "systems": {
        "aarch64-darwin": {
          "store_path": "/nix/store/v6xdsi7cjd4d4461vh1k857h1aa71v6c-gotestsum-1.10.1"
        },
        "aarch64-linux": {
          "store_path": "/nix/store/k158x6n69bwc4ziwsz3bhkk8qky2dyvi-gotestsum-1.10.1"
        },
        "x86_64-darwin": {
          "store_path": "/nix/store/a36zkipccd9rwpb0g4cdxksywn94s5sp-gotestsum-1.10.1"
        },
        "x86_64-linux": {
          "store_path": "/nix/store/72i26iim65y65qgq6q9vay9pgw9wfm03-gotestsum-1.10.1"
        }
      }
    },
    "hadolint@latest": {
      "last_modified": "2024-01-27T14:55:31Z",
      "resolved": "github:NixOS/nixpkgs/160b762eda6d139ac10ae081f8f78d640dd523eb#hadolint",
      "source": "devbox-search",
      "version": "2.12.0",
      "systems": {
        "aarch64-darwin": {
          "store_path": "/nix/store/h6f19n6x19ycs8i6vf4jm8cmxx645249-hadolint-2.12.0"
        },
        "aarch64-linux": {
          "store_path": "/nix/store/mck0yhnazkvc5afd03z35p7dk6iyypg4-hadolint-2.12.0"
        },
        "x86_64-darwin": {
          "store_path": "/nix/store/yr0pll7prrix0cvp1szm8s4x914x24w0-hadolint-2.12.0"
        },
        "x86_64-linux": {
          "store_path": "/nix/store/b3vdwrp8qbzw5x98pf68ip4rv6yd73fc-hadolint-2.12.0"
        }
      }
    },
    "helm-docs@latest": {
      "last_modified": "2024-01-27T14:55:31Z",
      "resolved": "github:NixOS/nixpkgs/160b762eda6d139ac10ae081f8f78d640dd523eb#helm-docs",
      "source": "devbox-search",
      "version": "1.11.2",
      "systems": {
        "aarch64-darwin": {
          "store_path": "/nix/store/m1jhm1ph9cc10vpqbcr5qm5rwcmpjlmp-helm-docs-1.11.2"
        },
        "aarch64-linux": {
          "store_path": "/nix/store/bx9i0vlqki26z6ynjr4lxlvy0sqxw6pv-helm-docs-1.11.2"
        },
        "x86_64-darwin": {
          "store_path": "/nix/store/hsh422xywkkq45r165v9vifl12i90v3l-helm-docs-1.11.2"
        },
        "x86_64-linux": {
          "store_path": "/nix/store/di8jpz015k1pgbwwrl87mf041rjp14iw-helm-docs-1.11.2"
        }
      }
    },
    "kubebuilder@latest": {
      "last_modified": "2024-01-27T14:55:31Z",
      "resolved": "github:NixOS/nixpkgs/160b762eda6d139ac10ae081f8f78d640dd523eb#kubebuilder",
      "source": "devbox-search",
      "version": "3.13.0",
      "systems": {
        "aarch64-darwin": {
          "store_path": "/nix/store/ld01g76i76ivmgsrr2gjdvp0ibzgjz7g-kubebuilder-3.13.0"
        },
        "aarch64-linux": {
          "store_path": "/nix/store/w4iw9cqcn0fqgrjz33jbs0fwlshxiik0-kubebuilder-3.13.0"
        },
        "x86_64-darwin": {
          "store_path": "/nix/store/0bg5nxc6gvadx0l3sqjiqhszwsgbz67b-kubebuilder-3.13.0"
        },
        "x86_64-linux": {
          "store_path": "/nix/store/c3nj4xdyj9vdkk5acgyrbg44pf4xyprd-kubebuilder-3.13.0"
        }
      }
    },
    "kubectl@latest": {
      "last_modified": "2024-01-27T14:55:31Z",
      "resolved": "github:NixOS/nixpkgs/160b762eda6d139ac10ae081f8f78d640dd523eb#kubectl",
      "source": "devbox-search",
      "version": "1.28.4",
      "systems": {
        "aarch64-darwin": {
          "store_path": "/nix/store/xhfs94kdg9v6p4gbnfn5xk4c862jhipl-kubectl-1.28.4"
        },
        "aarch64-linux": {
          "store_path": "/nix/store/r9kj0y745xz6dygjrvrbwf3cqzcs9zay-kubectl-1.28.4"
        },
        "x86_64-darwin": {
          "store_path": "/nix/store/8h8yj0mc216paxkpqp4aqf5yc2yklmv0-kubectl-1.28.4"
        },
        "x86_64-linux": {
          "store_path": "/nix/store/dgbjz1q86g8kr7pxqrw81gjhnkkwh375-kubectl-1.28.4"
        }
      }
    },
    "kubernetes-code-generator@latest": {
      "last_modified": "2024-01-27T14:55:31Z",
      "resolved": "github:NixOS/nixpkgs/160b762eda6d139ac10ae081f8f78d640dd523eb#kubernetes-code-generator",
      "source": "devbox-search",
      "version": "0.25.4",
      "systems": {
        "aarch64-darwin": {
          "store_path": "/nix/store/9nqbgd9pj8r411lp4596549bf3gjrmjk-code-generator-0.25.4"
        },
        "aarch64-linux": {
          "store_path": "/nix/store/kdylmfnmgavf142qwyllr65cabc44v09-code-generator-0.25.4"
        },
        "x86_64-darwin": {
          "store_path": "/nix/store/xd38jp1m5758xvj25p6qv95bwx3maz71-code-generator-0.25.4"
        },
        "x86_64-linux": {
          "store_path": "/nix/store/6dfgzljb2xf29cgpx2pb4wmlszm33c49-code-generator-0.25.4"
        }
      }
    },
    "kubernetes-controller-tools@latest": {
      "last_modified": "2024-01-27T14:55:31Z",
      "resolved": "github:NixOS/nixpkgs/160b762eda6d139ac10ae081f8f78d640dd523eb#kubernetes-controller-tools",
      "source": "devbox-search",
      "version": "0.13.0",
      "systems": {
        "aarch64-darwin": {
          "store_path": "/nix/store/q3pv6lm485ffbjia8hpy1x44hagnjr5h-controller-tools-0.13.0"
        },
        "aarch64-linux": {
          "store_path": "/nix/store/jfpmxzxx45s716z6z8grm19wxiyizv33-controller-tools-0.13.0"
        },
        "x86_64-darwin": {
          "store_path": "/nix/store/l3d5bdfx6xrrswdl9mvs067x8j4drzag-controller-tools-0.13.0"
        },
        "x86_64-linux": {
          "store_path": "/nix/store/igy1ls1srcqxj89mj2vxv0wb1fpqkcfa-controller-tools-0.13.0"
        }
      }
    },
    "kubernetes-helm@latest": {
      "last_modified": "2024-02-05T02:15:44Z",
      "resolved": "github:NixOS/nixpkgs/0a254180b4cad6be45aa46dce896bdb8db5d2930#kubernetes-helm",
      "source": "devbox-search",
      "version": "3.14.0",
      "systems": {
        "aarch64-darwin": {
          "store_path": "/nix/store/yf7yqb2vj1lz3gak1ks3y49jc3s4lvrf-kubernetes-helm-3.14.0"
        },
        "aarch64-linux": {
          "store_path": "/nix/store/l7792lmxgplsdmv4j3725p24cbg64r85-kubernetes-helm-3.14.0"
        },
        "x86_64-darwin": {
          "store_path": "/nix/store/d7mv4rrivbg149q7cdsp6nnlxnv00pw8-kubernetes-helm-3.14.0"
        },
        "x86_64-linux": {
          "store_path": "/nix/store/4pmm72nvdd2i0cs67y0sbg7b1lk5f84d-kubernetes-helm-3.14.0"
        }
      }
    },
    "pre-commit@latest": {
      "last_modified": "2024-01-28T16:40:23Z",
      "resolved": "github:NixOS/nixpkgs/902d74314fae5eb824bc7b597bd4d39640345557#pre-commit",
      "source": "devbox-search",
      "version": "3.6.0",
      "systems": {
        "aarch64-darwin": {
          "store_path": "/nix/store/a20aq6qhs0zz7dj9131diyn8sc5bb9qd-pre-commit-3.6.0"
        },
        "aarch64-linux": {
          "store_path": "/nix/store/rvhjwfaky3vkclxk31ns0lhcynnjikyh-pre-commit-3.6.0"
        },
        "x86_64-darwin": {
          "store_path": "/nix/store/05hqvj5z9jscc9lx2l8ma0yf258a6kls-pre-commit-3.6.0"
        },
        "x86_64-linux": {
          "store_path": "/nix/store/wzybq4394zfr3m5p0khs02i66x33cc8i-pre-commit-3.6.0"
        }
      }
    },
    "shfmt@latest": {
      "last_modified": "2024-01-27T14:55:31Z",
      "resolved": "github:NixOS/nixpkgs/160b762eda6d139ac10ae081f8f78d640dd523eb#shfmt",
      "source": "devbox-search",
      "version": "3.7.0",
      "systems": {
        "aarch64-darwin": {
          "store_path": "/nix/store/k0jjqapfikg60p6sqx62xrcqw6i5zl0s-shfmt-3.7.0"
        },
        "aarch64-linux": {
          "store_path": "/nix/store/xx47ra9ng1lhfifal7wgjhbkcskjvyxw-shfmt-3.7.0"
        },
        "x86_64-darwin": {
          "store_path": "/nix/store/6gdfkrs3h691d07qfxn4gs17dlpq1rav-shfmt-3.7.0"
        },
        "x86_64-linux": {
          "store_path": "/nix/store/plz665y0qqhiqc0ys3nwnvlq262ka24b-shfmt-3.7.0"
        }
      }
    },
    "upx@latest": {
      "last_modified": "2024-01-27T14:55:31Z",
      "resolved": "github:NixOS/nixpkgs/160b762eda6d139ac10ae081f8f78d640dd523eb#upx",
      "source": "devbox-search",
      "version": "4.2.2",
      "systems": {
        "aarch64-darwin": {
          "store_path": "/nix/store/pv1bi5h5sz120gmf6a8g0rbk4mpsyjlc-upx-4.2.2"
        },
        "aarch64-linux": {
          "store_path": "/nix/store/xmzgc3hamya98h69w63r5g291yjy6k96-upx-4.2.2"
        },
        "x86_64-darwin": {
          "store_path": "/nix/store/63c5bhzl5dzc1g128gw4qgllahkhdn7v-upx-4.2.2"
        },
        "x86_64-linux": {
          "store_path": "/nix/store/7szd9lb7gdp2rzbfssq5j1xfxj230mcw-upx-4.2.2"
        }
      }
    },
    "yamale@latest": {
      "last_modified": "2024-01-27T14:55:31Z",
      "resolved": "github:NixOS/nixpkgs/160b762eda6d139ac10ae081f8f78d640dd523eb#yamale",
      "source": "devbox-search",
      "version": "4.0.4",
      "systems": {
        "aarch64-darwin": {
          "store_path": "/nix/store/hz3694fjayn0sbj43vj5q6xhjqpn2pic-python3.11-yamale-4.0.4"
        },
        "aarch64-linux": {
          "store_path": "/nix/store/g6bj3qdl0z64x0d7fggzm9ad0nz67108-python3.11-yamale-4.0.4"
        },
        "x86_64-darwin": {
          "store_path": "/nix/store/9ysxyz89mazqbvgb7n547fy30ywnwlxn-python3.11-yamale-4.0.4"
        },
        "x86_64-linux": {
          "store_path": "/nix/store/ih0kz9sr5dbd78j6fffg2mc7sm4rhzzr-python3.11-yamale-4.0.4"
        }
      }
    },
    "yamllint@latest": {
      "last_modified": "2024-01-27T14:55:31Z",
      "resolved": "github:NixOS/nixpkgs/160b762eda6d139ac10ae081f8f78d640dd523eb#yamllint",
      "source": "devbox-search",
      "version": "1.33.0",
      "systems": {
        "aarch64-darwin": {
          "store_path": "/nix/store/8vmkh2ryjy2l3lqkbjm5y56bam2jf6fi-python3.11-yamllint-1.33.0"
        },
        "aarch64-linux": {
          "store_path": "/nix/store/pm0rpibz6hrmp53z13xz6jnn3pbp5xxw-python3.11-yamllint-1.33.0"
        },
        "x86_64-darwin": {
          "store_path": "/nix/store/qlrfz1q3a46hyjqsy34nl2529g093fdy-python3.11-yamllint-1.33.0"
        },
        "x86_64-linux": {
          "store_path": "/nix/store/hq2j2ddxvgrhsxzgic1c3s4rhifn81hg-python3.11-yamllint-1.33.0"
        }
      }
    }
  }
}
