{
  "lockfile_version": "1",
  "packages": {
    "actionlint@latest": {
      "last_modified": "2023-09-20T16:29:35Z",
      "resolved": "github:NixOS/nixpkgs/fe977679240ac2027b151ecca1bc6ce808c2e8af#actionlint",
      "source": "devbox-search",
      "version": "1.6.26"
    },
    "chart-testing@3.8.0": {
      "last_modified": "2023-06-27T08:49:46Z",
      "resolved": "github:NixOS/nixpkgs/b38e95ea6c15b9ce098556f410d715b262fa386a#chart-testing",
      "source": "devbox-search",
      "version": "3.8.0"
    },
    "clusterctl@latest": {
      "last_modified": "2023-09-15T06:49:28Z",
      "resolved": "github:NixOS/nixpkgs/46688f8eb5cd6f1298d873d4d2b9cf245e09e88e#clusterctl",
      "source": "devbox-search",
      "version": "1.5.1"
    },
    "crane@latest": {
      "last_modified": "2023-09-15T06:49:28Z",
      "resolved": "github:NixOS/nixpkgs/46688f8eb5cd6f1298d873d4d2b9cf245e09e88e#crane",
      "source": "devbox-search",
      "version": "0.16.1"
    },
    "ginkgo@latest": {
      "last_modified": "2023-09-06T20:35:33Z",
      "resolved": "github:NixOS/nixpkgs/efd23a1c9ae8c574e2ca923c2b2dc336797f4cc4#ginkgo",
      "source": "devbox-search",
      "version": "2.12.0"
    },
    "go@latest": {
      "last_modified": "2023-09-15T06:49:28Z",
      "resolved": "github:NixOS/nixpkgs/46688f8eb5cd6f1298d873d4d2b9cf245e09e88e#go_1_21",
      "source": "devbox-search",
      "version": "1.21.1"
    },
    "gojq@latest": {
      "last_modified": "2023-06-29T16:20:38Z",
      "resolved": "github:NixOS/nixpkgs/3c614fbc76fc152f3e1bc4b2263da6d90adf80fb#gojq",
      "source": "devbox-search",
      "version": "0.12.13"
    },
    "golines@latest": {
      "last_modified": "2023-05-07T06:59:10Z",
      "resolved": "github:NixOS/nixpkgs/eb751d65225ec53de9cf3d88acbf08d275882389#golines",
      "source": "devbox-search",
      "version": "0.11.0"
    },
    "google-cloud-sdk@latest": {
      "last_modified": "2023-09-20T16:29:35Z",
      "resolved": "github:NixOS/nixpkgs/fe977679240ac2027b151ecca1bc6ce808c2e8af#google-cloud-sdk",
      "source": "devbox-search",
      "version": "446.0.1"
    },
    "goreleaser@latest": {
      "last_modified": "2023-09-15T06:49:28Z",
      "resolved": "github:NixOS/nixpkgs/46688f8eb5cd6f1298d873d4d2b9cf245e09e88e#goreleaser",
      "source": "devbox-search",
      "version": "1.20.0"
    },
    "gotestsum@latest": {
      "last_modified": "2023-09-15T06:49:28Z",
      "resolved": "github:NixOS/nixpkgs/46688f8eb5cd6f1298d873d4d2b9cf245e09e88e#gotestsum",
      "source": "devbox-search",
      "version": "1.10.1"
    },
    "hadolint@latest": {
      "last_modified": "2023-09-15T06:49:28Z",
      "resolved": "github:NixOS/nixpkgs/46688f8eb5cd6f1298d873d4d2b9cf245e09e88e#hadolint",
      "source": "devbox-search",
      "version": "2.12.0"
    },
    "helm-docs@latest": {
      "last_modified": "2023-09-15T06:49:28Z",
      "resolved": "github:NixOS/nixpkgs/46688f8eb5cd6f1298d873d4d2b9cf245e09e88e#helm-docs",
      "source": "devbox-search",
      "version": "1.11.1"
    },
    "kubebuilder@latest": {
      "last_modified": "2023-09-15T06:49:28Z",
      "resolved": "github:NixOS/nixpkgs/46688f8eb5cd6f1298d873d4d2b9cf245e09e88e#kubebuilder",
      "source": "devbox-search",
      "version": "3.11.1"
    },
    "kubectl@latest": {
      "last_modified": "2023-09-15T06:49:28Z",
      "resolved": "github:NixOS/nixpkgs/46688f8eb5cd6f1298d873d4d2b9cf245e09e88e#kubectl",
      "source": "devbox-search",
      "version": "1.28.1"
    },
    "kubernetes-code-generator@latest": {
      "last_modified": "2023-05-07T06:59:10Z",
      "resolved": "github:NixOS/nixpkgs/eb751d65225ec53de9cf3d88acbf08d275882389#kubernetes-code-generator",
      "source": "devbox-search",
      "version": "0.25.4"
    },
    "kubernetes-controller-tools@latest": {
      "last_modified": "2023-09-15T06:49:28Z",
      "resolved": "github:NixOS/nixpkgs/46688f8eb5cd6f1298d873d4d2b9cf245e09e88e#kubernetes-controller-tools",
      "source": "devbox-search",
      "version": "0.13.0"
    },
    "kubernetes-helm@latest": {
      "last_modified": "2023-09-15T06:49:28Z",
      "resolved": "github:NixOS/nixpkgs/46688f8eb5cd6f1298d873d4d2b9cf245e09e88e#kubernetes-helm",
      "source": "devbox-search",
      "version": "3.12.2"
    },
    "pre-commit@latest": {
      "last_modified": "2023-06-29T16:20:38Z",
      "resolved": "github:NixOS/nixpkgs/3c614fbc76fc152f3e1bc4b2263da6d90adf80fb#pre-commit",
      "source": "devbox-search",
      "version": "3.3.3"
    },
    "shfmt@latest": {
      "last_modified": "2023-06-29T16:20:38Z",
      "resolved": "github:NixOS/nixpkgs/3c614fbc76fc152f3e1bc4b2263da6d90adf80fb#shfmt",
      "source": "devbox-search",
      "version": "3.7.0"
    },
    "upx@latest": {
      "last_modified": "2023-09-15T06:49:28Z",
      "resolved": "github:NixOS/nixpkgs/46688f8eb5cd6f1298d873d4d2b9cf245e09e88e#upx",
      "source": "devbox-search",
      "version": "4.1.0"
    },
    "yamale@latest": {
      "last_modified": "2023-09-15T06:49:28Z",
      "resolved": "github:NixOS/nixpkgs/46688f8eb5cd6f1298d873d4d2b9cf245e09e88e#yamale",
      "source": "devbox-search",
      "version": "4.0.4"
    },
    "yamllint@latest": {
      "last_modified": "2023-09-09T09:21:36Z",
      "resolved": "github:NixOS/nixpkgs/9108a20782535741433c304f6a4376cb8b364b89#yamllint",
      "source": "devbox-search",
      "version": "1.32.0"
    }
  }
}
